
Microsoft Visual Studio Solution File, Format Version 12.00
# Visual Studio Version 17
VisualStudioVersion = 17.6.33829.357
MinimumVisualStudioVersion = 10.0.40219.1
Project("{FAE04EC0-301F-11D3-BF4B-00C04F79EFBC}") = "NoisyVoltPortal", "NoisyVoltPortal\NoisyVoltPortal.csproj", "{0C0DFCE4-83B5-4D75-AA65-72DC203FABC5}"
EndProject
Global
	GlobalSection(SolutionConfigurationPlatforms) = preSolution
		Debug|Any CPU = Debug|Any CPU
		Release|Any CPU = Release|Any CPU
	EndGlobalSection
	GlobalSection(ProjectConfigurationPlatforms) = postSolution
		{0C0DFCE4-83B5-4D75-AA65-72DC203FABC5}.Debug|Any CPU.ActiveCfg = Debug|Any CPU
		{0C0DFCE4-83B5-4D75-AA65-72DC203FABC5}.Debug|Any CPU.Build.0 = Debug|Any CPU
		{0C0DFCE4-83B5-4D75-AA65-72DC203FABC5}.Release|Any CPU.ActiveCfg = Release|Any CPU
		{0C0DFCE4-83B5-4D75-AA65-72DC203FABC5}.Release|Any CPU.Build.0 = Release|Any CPU
	EndGlobalSection
	GlobalSection(SolutionProperties) = preSolution
		HideSolutionNode = FALSE
	EndGlobalSection
	GlobalSection(ExtensibilityGlobals) = postSolution
		SolutionGuid = {449996C5-D8C7-469D-94B4-78A8531A6805}
	EndGlobalSection
EndGlobal
